
Microsoft Visual Studio Solution File, Format Version 12.00
# Visual Studio Version 17
VisualStudioVersion = 17.5.33516.290
MinimumVisualStudioVersion = 10.0.40219.1
Project("{9A19103F-16F7-4668-BE54-9A1E7A4F7556}") = "Store.MVC", "Store.API\Store.MVC.csproj", "{AEF8BBDD-0E1A-4FA7-A2B0-96AA8ADF6489}"
EndProject
Project("{9A19103F-16F7-4668-BE54-9A1E7A4F7556}") = "Store.Application", "Store.Application\Store.Application.csproj", "{27B3835D-ADB5-4BAF-BB84-0EDDCCED308C}"
EndProject
Project("{9A19103F-16F7-4668-BE54-9A1E7A4F7556}") = "Store.Domain", "Store.Domain\Store.Domain.csproj", "{746E790B-AEAF-415A-849B-2575D488B6B1}"
EndProject
Project("{2150E333-8FDC-42A3-9474-1A3956D46DE8}") = "src", "src", "{DA8BDBB0-C103-4067-8477-C1056AD0C30B}"
	ProjectSection(SolutionItems) = preProject
		.dockerignore = .dockerignore
		.gitattributes = .gitattributes
		.gitignore = .gitignore
		docker-compose.yml = docker-compose.yml
		Dockerfile = Dockerfile
	EndProjectSection
EndProject
Global
	GlobalSection(SolutionConfigurationPlatforms) = preSolution
		Debug|Any CPU = Debug|Any CPU
		Release|Any CPU = Release|Any CPU
	EndGlobalSection
	GlobalSection(ProjectConfigurationPlatforms) = postSolution
		{AEF8BBDD-0E1A-4FA7-A2B0-96AA8ADF6489}.Debug|Any CPU.ActiveCfg = Debug|Any CPU
		{AEF8BBDD-0E1A-4FA7-A2B0-96AA8ADF6489}.Debug|Any CPU.Build.0 = Debug|Any CPU
		{AEF8BBDD-0E1A-4FA7-A2B0-96AA8ADF6489}.Release|Any CPU.ActiveCfg = Release|Any CPU
		{AEF8BBDD-0E1A-4FA7-A2B0-96AA8ADF6489}.Release|Any CPU.Build.0 = Release|Any CPU
		{27B3835D-ADB5-4BAF-BB84-0EDDCCED308C}.Debug|Any CPU.ActiveCfg = Debug|Any CPU
		{27B3835D-ADB5-4BAF-BB84-0EDDCCED308C}.Debug|Any CPU.Build.0 = Debug|Any CPU
		{27B3835D-ADB5-4BAF-BB84-0EDDCCED308C}.Release|Any CPU.ActiveCfg = Release|Any CPU
		{27B3835D-ADB5-4BAF-BB84-0EDDCCED308C}.Release|Any CPU.Build.0 = Release|Any CPU
		{746E790B-AEAF-415A-849B-2575D488B6B1}.Debug|Any CPU.ActiveCfg = Debug|Any CPU
		{746E790B-AEAF-415A-849B-2575D488B6B1}.Debug|Any CPU.Build.0 = Debug|Any CPU
		{746E790B-AEAF-415A-849B-2575D488B6B1}.Release|Any CPU.ActiveCfg = Release|Any CPU
		{746E790B-AEAF-415A-849B-2575D488B6B1}.Release|Any CPU.Build.0 = Release|Any CPU
	EndGlobalSection
	GlobalSection(SolutionProperties) = preSolution
		HideSolutionNode = FALSE
	EndGlobalSection
	GlobalSection(NestedProjects) = preSolution
		{AEF8BBDD-0E1A-4FA7-A2B0-96AA8ADF6489} = {DA8BDBB0-C103-4067-8477-C1056AD0C30B}
		{27B3835D-ADB5-4BAF-BB84-0EDDCCED308C} = {DA8BDBB0-C103-4067-8477-C1056AD0C30B}
		{746E790B-AEAF-415A-849B-2575D488B6B1} = {DA8BDBB0-C103-4067-8477-C1056AD0C30B}
	EndGlobalSection
	GlobalSection(ExtensibilityGlobals) = postSolution
		SolutionGuid = {E72291FC-7237-441A-B405-A4E15C19AF93}
	EndGlobalSection
EndGlobal
